
Microsoft Visual Studio Solution File, Format Version 12.00
# Visual Studio Version 16
VisualStudioVersion = 16.0.30804.86
MinimumVisualStudioVersion = 10.0.40219.1
Project("{FAE04EC0-301F-11D3-BF4B-00C04F79EFBC}") = "CN_Exam", "CN_Exam.csproj", "{9AE26062-F5C4-4A8A-B0BF-DC2779FD97AA}"
EndProject
Global
	GlobalSection(SolutionConfigurationPlatforms) = preSolution
		Debug|Any CPU = Debug|Any CPU
		Release|Any CPU = Release|Any CPU
	EndGlobalSection
	GlobalSection(ProjectConfigurationPlatforms) = postSolution
		{9AE26062-F5C4-4A8A-B0BF-DC2779FD97AA}.Debug|Any CPU.ActiveCfg = Debug|Any CPU
		{9AE26062-F5C4-4A8A-B0BF-DC2779FD97AA}.Debug|Any CPU.Build.0 = Debug|Any CPU
		{9AE26062-F5C4-4A8A-B0BF-DC2779FD97AA}.Release|Any CPU.ActiveCfg = Release|Any CPU
		{9AE26062-F5C4-4A8A-B0BF-DC2779FD97AA}.Release|Any CPU.Build.0 = Release|Any CPU
	EndGlobalSection
	GlobalSection(SolutionProperties) = preSolution
		HideSolutionNode = FALSE
	EndGlobalSection
	GlobalSection(ExtensibilityGlobals) = postSolution
		SolutionGuid = {9AC4B9F0-2724-46DD-A9A3-AC1E81F6CBA9}
	EndGlobalSection
EndGlobal
